
Microsoft Visual Studio Solution File, Format Version 12.00
# Visual Studio Version 16
VisualStudioVersion = 16.0.29123.88
MinimumVisualStudioVersion = 10.0.40219.1
Project("{8BC9CEB8-8B4A-11D0-8D11-00A0C91BC942}") = "Refactoring_example", "Refactoring_example\Refactoring_example.vcxproj", "{3E7ACFCF-9687-437D-B2D8-3D4FB5627E71}"
EndProject
Project("{8BC9CEB8-8B4A-11D0-8D11-00A0C91BC942}") = "Test_refactoring", "Test_refactoring\Test_refactoring.vcxproj", "{D5CC6677-3906-4F8B-A37E-D9676E526C51}"
EndProject
Global
	GlobalSection(SolutionConfigurationPlatforms) = preSolution
		Debug|x64 = Debug|x64
		Debug|x86 = Debug|x86
		Release|x64 = Release|x64
		Release|x86 = Release|x86
	EndGlobalSection
	GlobalSection(ProjectConfigurationPlatforms) = postSolution
		{3E7ACFCF-9687-437D-B2D8-3D4FB5627E71}.Debug|x64.ActiveCfg = Debug|x64
		{3E7ACFCF-9687-437D-B2D8-3D4FB5627E71}.Debug|x64.Build.0 = Debug|x64
		{3E7ACFCF-9687-437D-B2D8-3D4FB5627E71}.Debug|x86.ActiveCfg = Debug|Win32
		{3E7ACFCF-9687-437D-B2D8-3D4FB5627E71}.Debug|x86.Build.0 = Debug|Win32
		{3E7ACFCF-9687-437D-B2D8-3D4FB5627E71}.Release|x64.ActiveCfg = Release|x64
		{3E7ACFCF-9687-437D-B2D8-3D4FB5627E71}.Release|x64.Build.0 = Release|x64
		{3E7ACFCF-9687-437D-B2D8-3D4FB5627E71}.Release|x86.ActiveCfg = Release|Win32
		{3E7ACFCF-9687-437D-B2D8-3D4FB5627E71}.Release|x86.Build.0 = Release|Win32
		{D5CC6677-3906-4F8B-A37E-D9676E526C51}.Debug|x64.ActiveCfg = Debug|x64
		{D5CC6677-3906-4F8B-A37E-D9676E526C51}.Debug|x64.Build.0 = Debug|x64
		{D5CC6677-3906-4F8B-A37E-D9676E526C51}.Debug|x86.ActiveCfg = Debug|Win32
		{D5CC6677-3906-4F8B-A37E-D9676E526C51}.Debug|x86.Build.0 = Debug|Win32
		{D5CC6677-3906-4F8B-A37E-D9676E526C51}.Release|x64.ActiveCfg = Release|x64
		{D5CC6677-3906-4F8B-A37E-D9676E526C51}.Release|x64.Build.0 = Release|x64
		{D5CC6677-3906-4F8B-A37E-D9676E526C51}.Release|x86.ActiveCfg = Release|Win32
		{D5CC6677-3906-4F8B-A37E-D9676E526C51}.Release|x86.Build.0 = Release|Win32
	EndGlobalSection
	GlobalSection(SolutionProperties) = preSolution
		HideSolutionNode = FALSE
	EndGlobalSection
	GlobalSection(ExtensibilityGlobals) = postSolution
		SolutionGuid = {B4711848-D735-48CD-B684-528BC7324EFB}
	EndGlobalSection
EndGlobal
